// !$*UTF8*$!
{
	archiveVersion = 1;
	classes = {
	};
	objectVersion = 56;
	objects = {

/* Begin PBXBuildFile section */
		26020A07299906C300D9B4AF /* MacTriageApp.swift in Sources */ = {isa = PBXBuildFile; fileRef = 26020A06299906C300D9B4AF /* MacTriageApp.swift */; };
		26020A09299906C300D9B4AF /* ContentView.swift in Sources */ = {isa = PBXBuildFile; fileRef = 26020A08299906C300D9B4AF /* ContentView.swift */; };
		26020A0B299906C500D9B4AF /* Assets.xcassets in Resources */ = {isa = PBXBuildFile; fileRef = 26020A0A299906C500D9B4AF /* Assets.xcassets */; };
		26020A0E299906C500D9B4AF /* Preview Assets.xcassets in Resources */ = {isa = PBXBuildFile; fileRef = 26020A0D299906C500D9B4AF /* Preview Assets.xcassets */; };
		26020A162999101700D9B4AF /* NavigationView.swift in Sources */ = {isa = PBXBuildFile; fileRef = 26020A152999101700D9B4AF /* NavigationView.swift */; };
		26020A18299910A900D9B4AF /* CaseInformationView.swift in Sources */ = {isa = PBXBuildFile; fileRef = 26020A17299910A900D9B4AF /* CaseInformationView.swift */; };
		26020A1B2999226200D9B4AF /* MapView.swift in Sources */ = {isa = PBXBuildFile; fileRef = 26020A1A2999226200D9B4AF /* MapView.swift */; };
		26020A292999290E00D9B4AF /* SplashView.swift in Sources */ = {isa = PBXBuildFile; fileRef = 26020A282999290E00D9B4AF /* SplashView.swift */; };
		26020A332999571D00D9B4AF /* MenuItemRow.swift in Sources */ = {isa = PBXBuildFile; fileRef = 26020A322999571D00D9B4AF /* MenuItemRow.swift */; };
		26020A3829995F4800D9B4AF /* CaseManagement.swift in Sources */ = {isa = PBXBuildFile; fileRef = 26020A3729995F4800D9B4AF /* CaseManagement.swift */; };
		2650A7BA2A93C19200BA18E4 /* SystemInformation.swift in Sources */ = {isa = PBXBuildFile; fileRef = 2650A7B92A93C19200BA18E4 /* SystemInformation.swift */; };
		2650A7BC2A93C1AA00BA18E4 /* SystemInformationView.swift in Sources */ = {isa = PBXBuildFile; fileRef = 2650A7BB2A93C1AA00BA18E4 /* SystemInformationView.swift */; };
		2650A7C52A93C87700BA18E4 /* UserBehaviourAnalysisView.swift in Sources */ = {isa = PBXBuildFile; fileRef = 2650A7C42A93C87700BA18E4 /* UserBehaviourAnalysisView.swift */; };
		2650A7C72A93C88900BA18E4 /* ProcessAnalysisView.swift in Sources */ = {isa = PBXBuildFile; fileRef = 2650A7C62A93C88900BA18E4 /* ProcessAnalysisView.swift */; };
		2650A7C92A93C89B00BA18E4 /* PlatformMonitoringView.swift in Sources */ = {isa = PBXBuildFile; fileRef = 2650A7C82A93C89B00BA18E4 /* PlatformMonitoringView.swift */; };
		2650A7CB2A93C8C000BA18E4 /* NetworkAnalysisView.swift in Sources */ = {isa = PBXBuildFile; fileRef = 2650A7CA2A93C8C000BA18E4 /* NetworkAnalysisView.swift */; };
		2650A7CD2A93C8D000BA18E4 /* MessageAnalysisView.swift in Sources */ = {isa = PBXBuildFile; fileRef = 2650A7CC2A93C8D000BA18E4 /* MessageAnalysisView.swift */; };
		2650A7CF2A93C8DB00BA18E4 /* IdentifierAnalysisView.swift in Sources */ = {isa = PBXBuildFile; fileRef = 2650A7CE2A93C8DB00BA18E4 /* IdentifierAnalysisView.swift */; };
		2650A7D12A93C95000BA18E4 /* helpers.swift in Sources */ = {isa = PBXBuildFile; fileRef = 2650A7D02A93C95000BA18E4 /* helpers.swift */; };
		2650A7D62A93D42600BA18E4 /* AnalysisView.swift in Sources */ = {isa = PBXBuildFile; fileRef = 2650A7D52A93D42600BA18E4 /* AnalysisView.swift */; };
		2650A7D82A93D51700BA18E4 /* FileAnalysisView.swift in Sources */ = {isa = PBXBuildFile; fileRef = 2650A7D72A93D51700BA18E4 /* FileAnalysisView.swift */; };
		2650A7DB2A93FC3900BA18E4 /* Case.swift in Sources */ = {isa = PBXBuildFile; fileRef = 2650A7DA2A93FC3900BA18E4 /* Case.swift */; };
/* End PBXBuildFile section */

/* Begin PBXFileReference section */
		26020A03299906C300D9B4AF /* MacTriage.app */ = {isa = PBXFileReference; explicitFileType = wrapper.application; includeInIndex = 0; path = MacTriage.app; sourceTree = BUILT_PRODUCTS_DIR; };
		26020A06299906C300D9B4AF /* MacTriageApp.swift */ = {isa = PBXFileReference; lastKnownFileType = sourcecode.swift; path = MacTriageApp.swift; sourceTree = "<group>"; };
		26020A08299906C300D9B4AF /* ContentView.swift */ = {isa = PBXFileReference; lastKnownFileType = sourcecode.swift; path = ContentView.swift; sourceTree = "<group>"; };
		26020A0A299906C500D9B4AF /* Assets.xcassets */ = {isa = PBXFileReference; lastKnownFileType = folder.assetcatalog; path = Assets.xcassets; sourceTree = "<group>"; };
		26020A0D299906C500D9B4AF /* Preview Assets.xcassets */ = {isa = PBXFileReference; lastKnownFileType = folder.assetcatalog; path = "Preview Assets.xcassets"; sourceTree = "<group>"; };
		26020A0F299906C500D9B4AF /* MacTriage.entitlements */ = {isa = PBXFileReference; lastKnownFileType = text.plist.entitlements; path = MacTriage.entitlements; sourceTree = "<group>"; };
		26020A152999101700D9B4AF /* NavigationView.swift */ = {isa = PBXFileReference; lastKnownFileType = sourcecode.swift; path = NavigationView.swift; sourceTree = "<group>"; };
		26020A17299910A900D9B4AF /* CaseInformationView.swift */ = {isa = PBXFileReference; lastKnownFileType = sourcecode.swift; path = CaseInformationView.swift; sourceTree = "<group>"; };
		26020A1A2999226200D9B4AF /* MapView.swift */ = {isa = PBXFileReference; lastKnownFileType = sourcecode.swift; path = MapView.swift; sourceTree = "<group>"; };
		26020A282999290E00D9B4AF /* SplashView.swift */ = {isa = PBXFileReference; lastKnownFileType = sourcecode.swift; path = SplashView.swift; sourceTree = "<group>"; };
		26020A322999571D00D9B4AF /* MenuItemRow.swift */ = {isa = PBXFileReference; lastKnownFileType = sourcecode.swift; path = MenuItemRow.swift; sourceTree = "<group>"; };
		26020A3729995F4800D9B4AF /* CaseManagement.swift */ = {isa = PBXFileReference; lastKnownFileType = sourcecode.swift; path = CaseManagement.swift; sourceTree = "<group>"; };
		2650A7B92A93C19200BA18E4 /* SystemInformation.swift */ = {isa = PBXFileReference; lastKnownFileType = sourcecode.swift; path = SystemInformation.swift; sourceTree = "<group>"; };
		2650A7BB2A93C1AA00BA18E4 /* SystemInformationView.swift */ = {isa = PBXFileReference; lastKnownFileType = sourcecode.swift; path = SystemInformationView.swift; sourceTree = "<group>"; };
		2650A7C42A93C87700BA18E4 /* UserBehaviourAnalysisView.swift */ = {isa = PBXFileReference; lastKnownFileType = sourcecode.swift; path = UserBehaviourAnalysisView.swift; sourceTree = "<group>"; };
		2650A7C62A93C88900BA18E4 /* ProcessAnalysisView.swift */ = {isa = PBXFileReference; lastKnownFileType = sourcecode.swift; path = ProcessAnalysisView.swift; sourceTree = "<group>"; };
		2650A7C82A93C89B00BA18E4 /* PlatformMonitoringView.swift */ = {isa = PBXFileReference; lastKnownFileType = sourcecode.swift; path = PlatformMonitoringView.swift; sourceTree = "<group>"; };
		2650A7CA2A93C8C000BA18E4 /* NetworkAnalysisView.swift */ = {isa = PBXFileReference; lastKnownFileType = sourcecode.swift; path = NetworkAnalysisView.swift; sourceTree = "<group>"; };
		2650A7CC2A93C8D000BA18E4 /* MessageAnalysisView.swift */ = {isa = PBXFileReference; lastKnownFileType = sourcecode.swift; path = MessageAnalysisView.swift; sourceTree = "<group>"; };
		2650A7CE2A93C8DB00BA18E4 /* IdentifierAnalysisView.swift */ = {isa = PBXFileReference; lastKnownFileType = sourcecode.swift; path = IdentifierAnalysisView.swift; sourceTree = "<group>"; };
		2650A7D02A93C95000BA18E4 /* helpers.swift */ = {isa = PBXFileReference; lastKnownFileType = sourcecode.swift; path = helpers.swift; sourceTree = "<group>"; };
		2650A7D52A93D42600BA18E4 /* AnalysisView.swift */ = {isa = PBXFileReference; lastKnownFileType = sourcecode.swift; path = AnalysisView.swift; sourceTree = "<group>"; };
		2650A7D72A93D51700BA18E4 /* FileAnalysisView.swift */ = {isa = PBXFileReference; lastKnownFileType = sourcecode.swift; path = FileAnalysisView.swift; sourceTree = "<group>"; };
		2650A7DA2A93FC3900BA18E4 /* Case.swift */ = {isa = PBXFileReference; lastKnownFileType = sourcecode.swift; path = Case.swift; sourceTree = "<group>"; };
/* End PBXFileReference section */

/* Begin PBXFrameworksBuildPhase section */
		26020A00299906C300D9B4AF /* Frameworks */ = {
			isa = PBXFrameworksBuildPhase;
			buildActionMask = 2147483647;
			files = (
			);
			runOnlyForDeploymentPostprocessing = 0;
		};
/* End PBXFrameworksBuildPhase section */

/* Begin PBXGroup section */
		260209FA299906C300D9B4AF = {
			isa = PBXGroup;
			children = (
				26020A05299906C300D9B4AF /* MacTriage */,
				26020A04299906C300D9B4AF /* Products */,
			);
			sourceTree = "<group>";
		};
		26020A04299906C300D9B4AF /* Products */ = {
			isa = PBXGroup;
			children = (
				26020A03299906C300D9B4AF /* MacTriage.app */,
			);
			name = Products;
			sourceTree = "<group>";
		};
		26020A05299906C300D9B4AF /* MacTriage */ = {
			isa = PBXGroup;
			children = (
				26020A19299917DE00D9B4AF /* Views */,
				26020A06299906C300D9B4AF /* MacTriageApp.swift */,
				26020A0A299906C500D9B4AF /* Assets.xcassets */,
				26020A0F299906C500D9B4AF /* MacTriage.entitlements */,
				26020A0C299906C500D9B4AF /* Preview Content */,
				26020A222999287100D9B4AF /* Model */,
				26020A232999287D00D9B4AF /* Resources */,
			);
			path = MacTriage;
			sourceTree = "<group>";
		};
		26020A0C299906C500D9B4AF /* Preview Content */ = {
			isa = PBXGroup;
			children = (
				26020A0D299906C500D9B4AF /* Preview Assets.xcassets */,
			);
			path = "Preview Content";
			sourceTree = "<group>";
		};
		26020A19299917DE00D9B4AF /* Views */ = {
			isa = PBXGroup;
			children = (
				2650A7B82A93C17400BA18E4 /* Analysis */,
				26020A3429995CFA00D9B4AF /* CaseView */,
				26020A08299906C300D9B4AF /* ContentView.swift */,
				26020A152999101700D9B4AF /* NavigationView.swift */,
				26020A3529995D1400D9B4AF /* Map */,
				26020A3629995E1800D9B4AF /* helpers */,
				26020A322999571D00D9B4AF /* MenuItemRow.swift */,
			);
			path = Views;
			sourceTree = "<group>";
		};
		26020A222999287100D9B4AF /* Model */ = {
			isa = PBXGroup;
			children = (
				2650A7DA2A93FC3900BA18E4 /* Case.swift */,
			);
			path = Model;
			sourceTree = "<group>";
		};
		26020A232999287D00D9B4AF /* Resources */ = {
			isa = PBXGroup;
			children = (
			);
			path = Resources;
			sourceTree = "<group>";
		};
		26020A3429995CFA00D9B4AF /* CaseView */ = {
			isa = PBXGroup;
			children = (
				26020A3729995F4800D9B4AF /* CaseManagement.swift */,
				26020A17299910A900D9B4AF /* CaseInformationView.swift */,
			);
			path = CaseView;
			sourceTree = "<group>";
		};
		26020A3529995D1400D9B4AF /* Map */ = {
			isa = PBXGroup;
			children = (
				26020A1A2999226200D9B4AF /* MapView.swift */,
			);
			path = Map;
			sourceTree = "<group>";
		};
		26020A3629995E1800D9B4AF /* helpers */ = {
			isa = PBXGroup;
			children = (
				26020A282999290E00D9B4AF /* SplashView.swift */,
				2650A7D02A93C95000BA18E4 /* helpers.swift */,
			);
			path = helpers;
			sourceTree = "<group>";
		};
		2650A7B82A93C17400BA18E4 /* Analysis */ = {
			isa = PBXGroup;
			children = (
				2650A7D42A93D41000BA18E4 /* SystemInformation */,
				2650A7C32A93C2BC00BA18E4 /* UserBehaviorAnalysis */,
				2650A7C22A93C2B000BA18E4 /* ProcessAnalysis */,
				2650A7C12A93C29F00BA18E4 /* PlatformMonitoring */,
				2650A7C02A93C29400BA18E4 /* NetworkTrafficAnalysis */,
				2650A7BF2A93C28800BA18E4 /* MessageAnalysis */,
				2650A7BE2A93C27000BA18E4 /* IdentifierAnalysis */,
				2650A7BD2A93C25400BA18E4 /* FileAnalysis */,
				2650A7D52A93D42600BA18E4 /* AnalysisView.swift */,
			);
			path = Analysis;
			sourceTree = "<group>";
		};
		2650A7BD2A93C25400BA18E4 /* FileAnalysis */ = {
			isa = PBXGroup;
			children = (
				2650A7D72A93D51700BA18E4 /* FileAnalysisView.swift */,
			);
			path = FileAnalysis;
			sourceTree = "<group>";
		};
		2650A7BE2A93C27000BA18E4 /* IdentifierAnalysis */ = {
			isa = PBXGroup;
			children = (
				2650A7CE2A93C8DB00BA18E4 /* IdentifierAnalysisView.swift */,
			);
			path = IdentifierAnalysis;
			sourceTree = "<group>";
		};
		2650A7BF2A93C28800BA18E4 /* MessageAnalysis */ = {
			isa = PBXGroup;
			children = (
				2650A7CC2A93C8D000BA18E4 /* MessageAnalysisView.swift */,
			);
			path = MessageAnalysis;
			sourceTree = "<group>";
		};
		2650A7C02A93C29400BA18E4 /* NetworkTrafficAnalysis */ = {
			isa = PBXGroup;
			children = (
				2650A7CA2A93C8C000BA18E4 /* NetworkAnalysisView.swift */,
			);
			path = NetworkTrafficAnalysis;
			sourceTree = "<group>";
		};
		2650A7C12A93C29F00BA18E4 /* PlatformMonitoring */ = {
			isa = PBXGroup;
			children = (
				2650A7C82A93C89B00BA18E4 /* PlatformMonitoringView.swift */,
			);
			path = PlatformMonitoring;
			sourceTree = "<group>";
		};
		2650A7C22A93C2B000BA18E4 /* ProcessAnalysis */ = {
			isa = PBXGroup;
			children = (
				2650A7C62A93C88900BA18E4 /* ProcessAnalysisView.swift */,
			);
			path = ProcessAnalysis;
			sourceTree = "<group>";
		};
		2650A7C32A93C2BC00BA18E4 /* UserBehaviorAnalysis */ = {
			isa = PBXGroup;
			children = (
				2650A7C42A93C87700BA18E4 /* UserBehaviourAnalysisView.swift */,
			);
			path = UserBehaviorAnalysis;
			sourceTree = "<group>";
		};
		2650A7D42A93D41000BA18E4 /* SystemInformation */ = {
			isa = PBXGroup;
			children = (
				2650A7B92A93C19200BA18E4 /* SystemInformation.swift */,
				2650A7BB2A93C1AA00BA18E4 /* SystemInformationView.swift */,
			);
			path = SystemInformation;
			sourceTree = "<group>";
		};
/* End PBXGroup section */

/* Begin PBXNativeTarget section */
		26020A02299906C300D9B4AF /* MacTriage */ = {
			isa = PBXNativeTarget;
			buildConfigurationList = 26020A12299906C500D9B4AF /* Build configuration list for PBXNativeTarget "MacTriage" */;
			buildPhases = (
				260209FF299906C300D9B4AF /* Sources */,
				26020A00299906C300D9B4AF /* Frameworks */,
				26020A01299906C300D9B4AF /* Resources */,
			);
			buildRules = (
			);
			dependencies = (
			);
			name = MacTriage;
			productName = MacTriage;
			productReference = 26020A03299906C300D9B4AF /* MacTriage.app */;
			productType = "com.apple.product-type.application";
		};
/* End PBXNativeTarget section */

/* Begin PBXProject section */
		260209FB299906C300D9B4AF /* Project object */ = {
			isa = PBXProject;
			attributes = {
				BuildIndependentTargetsInParallel = 1;
				LastSwiftUpdateCheck = 1420;
				LastUpgradeCheck = 1430;
				TargetAttributes = {
					26020A02299906C300D9B4AF = {
						CreatedOnToolsVersion = 14.2;
					};
				};
			};
			buildConfigurationList = 260209FE299906C300D9B4AF /* Build configuration list for PBXProject "MacTriage" */;
			compatibilityVersion = "Xcode 14.0";
			developmentRegion = en;
			hasScannedForEncodings = 0;
			knownRegions = (
				en,
				Base,
			);
			mainGroup = 260209FA299906C300D9B4AF;
			productRefGroup = 26020A04299906C300D9B4AF /* Products */;
			projectDirPath = "";
			projectRoot = "";
			targets = (
				26020A02299906C300D9B4AF /* MacTriage */,
			);
		};
/* End PBXProject section */

/* Begin PBXResourcesBuildPhase section */
		26020A01299906C300D9B4AF /* Resources */ = {
			isa = PBXResourcesBuildPhase;
			buildActionMask = 2147483647;
			files = (
				26020A0E299906C500D9B4AF /* Preview Assets.xcassets in Resources */,
				26020A0B299906C500D9B4AF /* Assets.xcassets in Resources */,
			);
			runOnlyForDeploymentPostprocessing = 0;
		};
/* End PBXResourcesBuildPhase section */

/* Begin PBXSourcesBuildPhase section */
		260209FF299906C300D9B4AF /* Sources */ = {
			isa = PBXSourcesBuildPhase;
			buildActionMask = 2147483647;
			files = (
				2650A7C52A93C87700BA18E4 /* UserBehaviourAnalysisView.swift in Sources */,
				26020A3829995F4800D9B4AF /* CaseManagement.swift in Sources */,
				26020A332999571D00D9B4AF /* MenuItemRow.swift in Sources */,
				2650A7D12A93C95000BA18E4 /* helpers.swift in Sources */,
				2650A7C72A93C88900BA18E4 /* ProcessAnalysisView.swift in Sources */,
				2650A7C92A93C89B00BA18E4 /* PlatformMonitoringView.swift in Sources */,
				26020A292999290E00D9B4AF /* SplashView.swift in Sources */,
				26020A09299906C300D9B4AF /* ContentView.swift in Sources */,
				26020A18299910A900D9B4AF /* CaseInformationView.swift in Sources */,
				2650A7BA2A93C19200BA18E4 /* SystemInformation.swift in Sources */,
				2650A7CF2A93C8DB00BA18E4 /* IdentifierAnalysisView.swift in Sources */,
				2650A7CB2A93C8C000BA18E4 /* NetworkAnalysisView.swift in Sources */,
				2650A7BC2A93C1AA00BA18E4 /* SystemInformationView.swift in Sources */,
				2650A7D82A93D51700BA18E4 /* FileAnalysisView.swift in Sources */,
				26020A1B2999226200D9B4AF /* MapView.swift in Sources */,
				26020A162999101700D9B4AF /* NavigationView.swift in Sources */,
				26020A07299906C300D9B4AF /* MacTriageApp.swift in Sources */,
				2650A7DB2A93FC3900BA18E4 /* Case.swift in Sources */,
				2650A7D62A93D42600BA18E4 /* AnalysisView.swift in Sources */,
				2650A7CD2A93C8D000BA18E4 /* MessageAnalysisView.swift in Sources */,
			);
			runOnlyForDeploymentPostprocessing = 0;
		};
/* End PBXSourcesBuildPhase section */

/* Begin XCBuildConfiguration section */
		26020A10299906C500D9B4AF /* Debug */ = {
			isa = XCBuildConfiguration;
			buildSettings = {
				ALWAYS_SEARCH_USER_PATHS = NO;
				CLANG_ANALYZER_NONNULL = YES;
				CLANG_ANALYZER_NUMBER_OBJECT_CONVERSION = YES_AGGRESSIVE;
				CLANG_CXX_LANGUAGE_STANDARD = "gnu++20";
				CLANG_ENABLE_MODULES = YES;
				CLANG_ENABLE_OBJC_ARC = YES;
				CLANG_ENABLE_OBJC_WEAK = YES;
				CLANG_WARN_BLOCK_CAPTURE_AUTORELEASING = YES;
				CLANG_WARN_BOOL_CONVERSION = YES;
				CLANG_WARN_COMMA = YES;
				CLANG_WARN_CONSTANT_CONVERSION = YES;
				CLANG_WARN_DEPRECATED_OBJC_IMPLEMENTATIONS = YES;
				CLANG_WARN_DIRECT_OBJC_ISA_USAGE = YES_ERROR;
				CLANG_WARN_DOCUMENTATION_COMMENTS = YES;
				CLANG_WARN_EMPTY_BODY = YES;
				CLANG_WARN_ENUM_CONVERSION = YES;
				CLANG_WARN_INFINITE_RECURSION = YES;
				CLANG_WARN_INT_CONVERSION = YES;
				CLANG_WARN_NON_LITERAL_NULL_CONVERSION = YES;
				CLANG_WARN_OBJC_IMPLICIT_RETAIN_SELF = YES;
				CLANG_WARN_OBJC_LITERAL_CONVERSION = YES;
				CLANG_WARN_OBJC_ROOT_CLASS = YES_ERROR;
				CLANG_WARN_QUOTED_INCLUDE_IN_FRAMEWORK_HEADER = YES;
				CLANG_WARN_RANGE_LOOP_ANALYSIS = YES;
				CLANG_WARN_STRICT_PROTOTYPES = YES;
				CLANG_WARN_SUSPICIOUS_MOVE = YES;
				CLANG_WARN_UNGUARDED_AVAILABILITY = YES_AGGRESSIVE;
				CLANG_WARN_UNREACHABLE_CODE = YES;
				CLANG_WARN__DUPLICATE_METHOD_MATCH = YES;
				COPY_PHASE_STRIP = NO;
				DEAD_CODE_STRIPPING = YES;
				DEBUG_INFORMATION_FORMAT = dwarf;
				ENABLE_STRICT_OBJC_MSGSEND = YES;
				ENABLE_TESTABILITY = YES;
				GCC_C_LANGUAGE_STANDARD = gnu11;
				GCC_DYNAMIC_NO_PIC = NO;
				GCC_NO_COMMON_BLOCKS = YES;
				GCC_OPTIMIZATION_LEVEL = 0;
				GCC_PREPROCESSOR_DEFINITIONS = (
					"DEBUG=1",
					"$(inherited)",
				);
				GCC_WARN_64_TO_32_BIT_CONVERSION = YES;
				GCC_WARN_ABOUT_RETURN_TYPE = YES_ERROR;
				GCC_WARN_UNDECLARED_SELECTOR = YES;
				GCC_WARN_UNINITIALIZED_AUTOS = YES_AGGRESSIVE;
				GCC_WARN_UNUSED_FUNCTION = YES;
				GCC_WARN_UNUSED_VARIABLE = YES;
				MACOSX_DEPLOYMENT_TARGET = 13.1;
				MTL_ENABLE_DEBUG_INFO = INCLUDE_SOURCE;
				MTL_FAST_MATH = YES;
				ONLY_ACTIVE_ARCH = YES;
				SDKROOT = macosx;
				SWIFT_ACTIVE_COMPILATION_CONDITIONS = DEBUG;
				SWIFT_OPTIMIZATION_LEVEL = "-Onone";
			};
			name = Debug;
		};
		26020A11299906C500D9B4AF /* Release */ = {
			isa = XCBuildConfiguration;
			buildSettings = {
				ALWAYS_SEARCH_USER_PATHS = NO;
				CLANG_ANALYZER_NONNULL = YES;
				CLANG_ANALYZER_NUMBER_OBJECT_CONVERSION = YES_AGGRESSIVE;
				CLANG_CXX_LANGUAGE_STANDARD = "gnu++20";
				CLANG_ENABLE_MODULES = YES;
				CLANG_ENABLE_OBJC_ARC = YES;
				CLANG_ENABLE_OBJC_WEAK = YES;
				CLANG_WARN_BLOCK_CAPTURE_AUTORELEASING = YES;
				CLANG_WARN_BOOL_CONVERSION = YES;
				CLANG_WARN_COMMA = YES;
				CLANG_WARN_CONSTANT_CONVERSION = YES;
				CLANG_WARN_DEPRECATED_OBJC_IMPLEMENTATIONS = YES;
				CLANG_WARN_DIRECT_OBJC_ISA_USAGE = YES_ERROR;
				CLANG_WARN_DOCUMENTATION_COMMENTS = YES;
				CLANG_WARN_EMPTY_BODY = YES;
				CLANG_WARN_ENUM_CONVERSION = YES;
				CLANG_WARN_INFINITE_RECURSION = YES;
				CLANG_WARN_INT_CONVERSION = YES;
				CLANG_WARN_NON_LITERAL_NULL_CONVERSION = YES;
				CLANG_WARN_OBJC_IMPLICIT_RETAIN_SELF = YES;
				CLANG_WARN_OBJC_LITERAL_CONVERSION = YES;
				CLANG_WARN_OBJC_ROOT_CLASS = YES_ERROR;
				CLANG_WARN_QUOTED_INCLUDE_IN_FRAMEWORK_HEADER = YES;
				CLANG_WARN_RANGE_LOOP_ANALYSIS = YES;
				CLANG_WARN_STRICT_PROTOTYPES = YES;
				CLANG_WARN_SUSPICIOUS_MOVE = YES;
				CLANG_WARN_UNGUARDED_AVAILABILITY = YES_AGGRESSIVE;
				CLANG_WARN_UNREACHABLE_CODE = YES;
				CLANG_WARN__DUPLICATE_METHOD_MATCH = YES;
				COPY_PHASE_STRIP = NO;
				DEAD_CODE_STRIPPING = YES;
				DEBUG_INFORMATION_FORMAT = "dwarf-with-dsym";
				ENABLE_NS_ASSERTIONS = NO;
				ENABLE_STRICT_OBJC_MSGSEND = YES;
				GCC_C_LANGUAGE_STANDARD = gnu11;
				GCC_NO_COMMON_BLOCKS = YES;
				GCC_WARN_64_TO_32_BIT_CONVERSION = YES;
				GCC_WARN_ABOUT_RETURN_TYPE = YES_ERROR;
				GCC_WARN_UNDECLARED_SELECTOR = YES;
				GCC_WARN_UNINITIALIZED_AUTOS = YES_AGGRESSIVE;
				GCC_WARN_UNUSED_FUNCTION = YES;
				GCC_WARN_UNUSED_VARIABLE = YES;
				MACOSX_DEPLOYMENT_TARGET = 13.1;
				MTL_ENABLE_DEBUG_INFO = NO;
				MTL_FAST_MATH = YES;
				SDKROOT = macosx;
				SWIFT_COMPILATION_MODE = wholemodule;
				SWIFT_OPTIMIZATION_LEVEL = "-O";
			};
			name = Release;
		};
		26020A13299906C500D9B4AF /* Debug */ = {
			isa = XCBuildConfiguration;
			buildSettings = {
				ASSETCATALOG_COMPILER_APPICON_NAME = AppIcon;
				ASSETCATALOG_COMPILER_GLOBAL_ACCENT_COLOR_NAME = AccentColor;
				CODE_SIGN_ENTITLEMENTS = MacTriage/MacTriage.entitlements;
				CODE_SIGN_STYLE = Automatic;
				COMBINE_HIDPI_IMAGES = YES;
				CURRENT_PROJECT_VERSION = 1;
				DEAD_CODE_STRIPPING = YES;
				DEVELOPMENT_ASSET_PATHS = "\"MacTriage/Preview Content\"";
				ENABLE_PREVIEWS = YES;
				GENERATE_INFOPLIST_FILE = YES;
				INFOPLIST_KEY_CFBundleDisplayName = MacTriage;
				INFOPLIST_KEY_LSApplicationCategoryType = "public.app-category.utilities";
				INFOPLIST_KEY_NSHumanReadableCopyright = "";
				LD_RUNPATH_SEARCH_PATHS = (
					"$(inherited)",
					"@executable_path/../Frameworks",
				);
				MARKETING_VERSION = 1.0;
				PRODUCT_BUNDLE_IDENTIFIER = dev.blacksquirrelz.MacTriage;
				PRODUCT_NAME = "$(TARGET_NAME)";
				SWIFT_EMIT_LOC_STRINGS = YES;
				SWIFT_VERSION = 5.0;
			};
			name = Debug;
		};
		26020A14299906C500D9B4AF /* Release */ = {
			isa = XCBuildConfiguration;
			buildSettings = {
				ASSETCATALOG_COMPILER_APPICON_NAME = AppIcon;
				ASSETCATALOG_COMPILER_GLOBAL_ACCENT_COLOR_NAME = AccentColor;
				CODE_SIGN_ENTITLEMENTS = MacTriage/MacTriage.entitlements;
				CODE_SIGN_STYLE = Automatic;
				COMBINE_HIDPI_IMAGES = YES;
				CURRENT_PROJECT_VERSION = 1;
				DEAD_CODE_STRIPPING = YES;
				DEVELOPMENT_ASSET_PATHS = "\"MacTriage/Preview Content\"";
				ENABLE_PREVIEWS = YES;
				GENERATE_INFOPLIST_FILE = YES;
				INFOPLIST_KEY_CFBundleDisplayName = MacTriage;
				INFOPLIST_KEY_LSApplicationCategoryType = "public.app-category.utilities";
				INFOPLIST_KEY_NSHumanReadableCopyright = "";
				LD_RUNPATH_SEARCH_PATHS = (
					"$(inherited)",
					"@executable_path/../Frameworks",
				);
				MARKETING_VERSION = 1.0;
				PRODUCT_BUNDLE_IDENTIFIER = dev.blacksquirrelz.MacTriage;
				PRODUCT_NAME = "$(TARGET_NAME)";
				SWIFT_EMIT_LOC_STRINGS = YES;
				SWIFT_VERSION = 5.0;
			};
			name = Release;
		};
/* End XCBuildConfiguration section */

/* Begin XCConfigurationList section */
		260209FE299906C300D9B4AF /* Build configuration list for PBXProject "MacTriage" */ = {
			isa = XCConfigurationList;
			buildConfigurations = (
				26020A10299906C500D9B4AF /* Debug */,
				26020A11299906C500D9B4AF /* Release */,
			);
			defaultConfigurationIsVisible = 0;
			defaultConfigurationName = Release;
		};
		26020A12299906C500D9B4AF /* Build configuration list for PBXNativeTarget "MacTriage" */ = {
			isa = XCConfigurationList;
			buildConfigurations = (
				26020A13299906C500D9B4AF /* Debug */,
				26020A14299906C500D9B4AF /* Release */,
			);
			defaultConfigurationIsVisible = 0;
			defaultConfigurationName = Release;
		};
/* End XCConfigurationList section */
	};
	rootObject = 260209FB299906C300D9B4AF /* Project object */;
}
